
Microsoft Visual Studio Solution File, Format Version 12.00
# Visual Studio Version 17
VisualStudioVersion = 17.7.34031.279
MinimumVisualStudioVersion = 10.0.40219.1
Project("{FAE04EC0-301F-11D3-BF4B-00C04F79EFBC}") = "lab01-2", "lab01-2\lab01-2.csproj", "{424699F2-8F90-4C0B-BFE5-DE3135C8178A}"
EndProject
Global
	GlobalSection(SolutionConfigurationPlatforms) = preSolution
		Debug|Any CPU = Debug|Any CPU
		Release|Any CPU = Release|Any CPU
	EndGlobalSection
	GlobalSection(ProjectConfigurationPlatforms) = postSolution
		{424699F2-8F90-4C0B-BFE5-DE3135C8178A}.Debug|Any CPU.ActiveCfg = Debug|Any CPU
		{424699F2-8F90-4C0B-BFE5-DE3135C8178A}.Debug|Any CPU.Build.0 = Debug|Any CPU
		{424699F2-8F90-4C0B-BFE5-DE3135C8178A}.Release|Any CPU.ActiveCfg = Release|Any CPU
		{424699F2-8F90-4C0B-BFE5-DE3135C8178A}.Release|Any CPU.Build.0 = Release|Any CPU
	EndGlobalSection
	GlobalSection(SolutionProperties) = preSolution
		HideSolutionNode = FALSE
	EndGlobalSection
	GlobalSection(ExtensibilityGlobals) = postSolution
		SolutionGuid = {5080CDB9-3B92-4090-8EC8-36D10E19F349}
	EndGlobalSection
EndGlobal
